// !$*UTF8*$!
{
	archiveVersion = 1;
	classes = {
	};
	objectVersion = 56;
	objects = {

/* Begin PBXBuildFile section */
		D7174FFA2B0DC997006604DB /* GameSamples.swift in Sources */ = {isa = PBXBuildFile; fileRef = D7174FF92B0DC997006604DB /* GameSamples.swift */; };
		D7174FFC2B0E6CA1006604DB /* PreviewContainer.swift in Sources */ = {isa = PBXBuildFile; fileRef = D7174FFB2B0E6CA1006604DB /* PreviewContainer.swift */; };
		D76BBCF32B1AFBBB00F0B2B0 /* Quote.swift in Sources */ = {isa = PBXBuildFile; fileRef = D76BBCF22B1AFBBB00F0B2B0 /* Quote.swift */; };
		D76BBCF52B1C93CB00F0B2B0 /* QuotesListView.swift in Sources */ = {isa = PBXBuildFile; fileRef = D76BBCF42B1C93CB00F0B2B0 /* QuotesListView.swift */; };
		D76BBCF72B20B5DF00F0B2B0 /* Genre.swift in Sources */ = {isa = PBXBuildFile; fileRef = D76BBCF62B20B5DF00F0B2B0 /* Genre.swift */; };
		D76BBCF92B2192FF00F0B2B0 /* UIColor+Extension.swift in Sources */ = {isa = PBXBuildFile; fileRef = D76BBCF82B2192FF00F0B2B0 /* UIColor+Extension.swift */; };
		D76BBCFB2B237F0100F0B2B0 /* Color+Extension.swift in Sources */ = {isa = PBXBuildFile; fileRef = D76BBCFA2B237F0100F0B2B0 /* Color+Extension.swift */; };
		D76BBCFD2B253EA800F0B2B0 /* GenreSamples.swift in Sources */ = {isa = PBXBuildFile; fileRef = D76BBCFC2B253EA800F0B2B0 /* GenreSamples.swift */; };
		D76BBD052B27EDD300F0B2B0 /* GenresView.swift in Sources */ = {isa = PBXBuildFile; fileRef = D76BBD042B27EDD300F0B2B0 /* GenresView.swift */; };
		D76BBD072B294E0100F0B2B0 /* NewGenreView.swift in Sources */ = {isa = PBXBuildFile; fileRef = D76BBD062B294E0100F0B2B0 /* NewGenreView.swift */; };
		D77E15E02AF5781B00A78B14 /* SwiftDataDemoApp.swift in Sources */ = {isa = PBXBuildFile; fileRef = D77E15DF2AF5781B00A78B14 /* SwiftDataDemoApp.swift */; };
		D77E15E22AF5781B00A78B14 /* GameListView.swift in Sources */ = {isa = PBXBuildFile; fileRef = D77E15E12AF5781B00A78B14 /* GameListView.swift */; };
		D77E15E42AF5781E00A78B14 /* Assets.xcassets in Resources */ = {isa = PBXBuildFile; fileRef = D77E15E32AF5781E00A78B14 /* Assets.xcassets */; };
		D77E15E72AF5781E00A78B14 /* Preview Assets.xcassets in Resources */ = {isa = PBXBuildFile; fileRef = D77E15E62AF5781E00A78B14 /* Preview Assets.xcassets */; };
		D77E15EE2AF5786100A78B14 /* Game.swift in Sources */ = {isa = PBXBuildFile; fileRef = D77E15ED2AF5786100A78B14 /* Game.swift */; };
		D77E15F02AFA70D700A78B14 /* NewGameView.swift in Sources */ = {isa = PBXBuildFile; fileRef = D77E15EF2AFA70D700A78B14 /* NewGameView.swift */; };
		D77E15F22B02D51600A78B14 /* EditGameView.swift in Sources */ = {isa = PBXBuildFile; fileRef = D77E15F12B02D51600A78B14 /* EditGameView.swift */; };
		D77E15F42B07CC6300A78B14 /* RatingsView.swift in Sources */ = {isa = PBXBuildFile; fileRef = D77E15F32B07CC6300A78B14 /* RatingsView.swift */; };
		D77FAB4F2B154BD70060901D /* GameList.swift in Sources */ = {isa = PBXBuildFile; fileRef = D77FAB4E2B154BD70060901D /* GameList.swift */; };
		D7A814F72B29DAF8002E9F09 /* GenresStackView.swift in Sources */ = {isa = PBXBuildFile; fileRef = D7A814F62B29DAF8002E9F09 /* GenresStackView.swift */; };
/* End PBXBuildFile section */

/* Begin PBXFileReference section */
		D7174FF92B0DC997006604DB /* GameSamples.swift */ = {isa = PBXFileReference; lastKnownFileType = sourcecode.swift; path = GameSamples.swift; sourceTree = "<group>"; };
		D7174FFB2B0E6CA1006604DB /* PreviewContainer.swift */ = {isa = PBXFileReference; lastKnownFileType = sourcecode.swift; path = PreviewContainer.swift; sourceTree = "<group>"; };
		D76BBCF22B1AFBBB00F0B2B0 /* Quote.swift */ = {isa = PBXFileReference; lastKnownFileType = sourcecode.swift; path = Quote.swift; sourceTree = "<group>"; };
		D76BBCF42B1C93CB00F0B2B0 /* QuotesListView.swift */ = {isa = PBXFileReference; lastKnownFileType = sourcecode.swift; path = QuotesListView.swift; sourceTree = "<group>"; };
		D76BBCF62B20B5DF00F0B2B0 /* Genre.swift */ = {isa = PBXFileReference; lastKnownFileType = sourcecode.swift; path = Genre.swift; sourceTree = "<group>"; };
		D76BBCF82B2192FF00F0B2B0 /* UIColor+Extension.swift */ = {isa = PBXFileReference; lastKnownFileType = sourcecode.swift; path = "UIColor+Extension.swift"; sourceTree = "<group>"; };
		D76BBCFA2B237F0100F0B2B0 /* Color+Extension.swift */ = {isa = PBXFileReference; lastKnownFileType = sourcecode.swift; path = "Color+Extension.swift"; sourceTree = "<group>"; };
		D76BBCFC2B253EA800F0B2B0 /* GenreSamples.swift */ = {isa = PBXFileReference; lastKnownFileType = sourcecode.swift; path = GenreSamples.swift; sourceTree = "<group>"; };
		D76BBD042B27EDD300F0B2B0 /* GenresView.swift */ = {isa = PBXFileReference; lastKnownFileType = sourcecode.swift; path = GenresView.swift; sourceTree = "<group>"; };
		D76BBD062B294E0100F0B2B0 /* NewGenreView.swift */ = {isa = PBXFileReference; lastKnownFileType = sourcecode.swift; path = NewGenreView.swift; sourceTree = "<group>"; };
		D77E15DC2AF5781B00A78B14 /* SwiftDataDemo.app */ = {isa = PBXFileReference; explicitFileType = wrapper.application; includeInIndex = 0; path = SwiftDataDemo.app; sourceTree = BUILT_PRODUCTS_DIR; };
		D77E15DF2AF5781B00A78B14 /* SwiftDataDemoApp.swift */ = {isa = PBXFileReference; lastKnownFileType = sourcecode.swift; path = SwiftDataDemoApp.swift; sourceTree = "<group>"; };
		D77E15E12AF5781B00A78B14 /* GameListView.swift */ = {isa = PBXFileReference; lastKnownFileType = sourcecode.swift; path = GameListView.swift; sourceTree = "<group>"; };
		D77E15E32AF5781E00A78B14 /* Assets.xcassets */ = {isa = PBXFileReference; lastKnownFileType = folder.assetcatalog; path = Assets.xcassets; sourceTree = "<group>"; };
		D77E15E62AF5781E00A78B14 /* Preview Assets.xcassets */ = {isa = PBXFileReference; lastKnownFileType = folder.assetcatalog; path = "Preview Assets.xcassets"; sourceTree = "<group>"; };
		D77E15ED2AF5786100A78B14 /* Game.swift */ = {isa = PBXFileReference; lastKnownFileType = sourcecode.swift; path = Game.swift; sourceTree = "<group>"; };
		D77E15EF2AFA70D700A78B14 /* NewGameView.swift */ = {isa = PBXFileReference; lastKnownFileType = sourcecode.swift; path = NewGameView.swift; sourceTree = "<group>"; };
		D77E15F12B02D51600A78B14 /* EditGameView.swift */ = {isa = PBXFileReference; lastKnownFileType = sourcecode.swift; path = EditGameView.swift; sourceTree = "<group>"; };
		D77E15F32B07CC6300A78B14 /* RatingsView.swift */ = {isa = PBXFileReference; lastKnownFileType = sourcecode.swift; path = RatingsView.swift; sourceTree = "<group>"; };
		D77FAB4E2B154BD70060901D /* GameList.swift */ = {isa = PBXFileReference; lastKnownFileType = sourcecode.swift; path = GameList.swift; sourceTree = "<group>"; };
		D7A814F62B29DAF8002E9F09 /* GenresStackView.swift */ = {isa = PBXFileReference; lastKnownFileType = sourcecode.swift; path = GenresStackView.swift; sourceTree = "<group>"; };
/* End PBXFileReference section */

/* Begin PBXFrameworksBuildPhase section */
		D77E15D92AF5781B00A78B14 /* Frameworks */ = {
			isa = PBXFrameworksBuildPhase;
			buildActionMask = 2147483647;
			files = (
			);
			runOnlyForDeploymentPostprocessing = 0;
		};
/* End PBXFrameworksBuildPhase section */

/* Begin PBXGroup section */
		D76BBCFE2B25A39900F0B2B0 /* Games */ = {
			isa = PBXGroup;
			children = (
				D77E15E12AF5781B00A78B14 /* GameListView.swift */,
				D77FAB4E2B154BD70060901D /* GameList.swift */,
				D77E15EF2AFA70D700A78B14 /* NewGameView.swift */,
				D77E15F12B02D51600A78B14 /* EditGameView.swift */,
			);
			path = Games;
			sourceTree = "<group>";
		};
		D76BBCFF2B25A3DE00F0B2B0 /* Models */ = {
			isa = PBXGroup;
			children = (
				D77E15ED2AF5786100A78B14 /* Game.swift */,
				D76BBCF22B1AFBBB00F0B2B0 /* Quote.swift */,
				D76BBCF62B20B5DF00F0B2B0 /* Genre.swift */,
			);
			path = Models;
			sourceTree = "<group>";
		};
		D76BBD002B25A40100F0B2B0 /* Extensions */ = {
			isa = PBXGroup;
			children = (
				D76BBCF82B2192FF00F0B2B0 /* UIColor+Extension.swift */,
				D76BBCFA2B237F0100F0B2B0 /* Color+Extension.swift */,
			);
			path = Extensions;
			sourceTree = "<group>";
		};
		D76BBD012B25A49700F0B2B0 /* Quotes */ = {
			isa = PBXGroup;
			children = (
				D76BBCF42B1C93CB00F0B2B0 /* QuotesListView.swift */,
			);
			path = Quotes;
			sourceTree = "<group>";
		};
		D76BBD022B25A7DC00F0B2B0 /* Accessory View */ = {
			isa = PBXGroup;
			children = (
				D77E15F32B07CC6300A78B14 /* RatingsView.swift */,
			);
			path = "Accessory View";
			sourceTree = "<group>";
		};
		D76BBD032B27ED8F00F0B2B0 /* Genres */ = {
			isa = PBXGroup;
			children = (
				D76BBD042B27EDD300F0B2B0 /* GenresView.swift */,
				D76BBD062B294E0100F0B2B0 /* NewGenreView.swift */,
				D7A814F62B29DAF8002E9F09 /* GenresStackView.swift */,
			);
			path = Genres;
			sourceTree = "<group>";
		};
		D77E15D32AF5781B00A78B14 = {
			isa = PBXGroup;
			children = (
				D77E15DE2AF5781B00A78B14 /* SwiftDataDemo */,
				D77E15DD2AF5781B00A78B14 /* Products */,
			);
			sourceTree = "<group>";
		};
		D77E15DD2AF5781B00A78B14 /* Products */ = {
			isa = PBXGroup;
			children = (
				D77E15DC2AF5781B00A78B14 /* SwiftDataDemo.app */,
			);
			name = Products;
			sourceTree = "<group>";
		};
		D77E15DE2AF5781B00A78B14 /* SwiftDataDemo */ = {
			isa = PBXGroup;
			children = (
				D77E15DF2AF5781B00A78B14 /* SwiftDataDemoApp.swift */,
				D76BBCFE2B25A39900F0B2B0 /* Games */,
				D76BBD012B25A49700F0B2B0 /* Quotes */,
				D76BBD032B27ED8F00F0B2B0 /* Genres */,
				D76BBD022B25A7DC00F0B2B0 /* Accessory View */,
				D76BBCFF2B25A3DE00F0B2B0 /* Models */,
				D76BBD002B25A40100F0B2B0 /* Extensions */,
				D77E15E32AF5781E00A78B14 /* Assets.xcassets */,
				D77E15E52AF5781E00A78B14 /* Preview Content */,
			);
			path = SwiftDataDemo;
			sourceTree = "<group>";
		};
		D77E15E52AF5781E00A78B14 /* Preview Content */ = {
			isa = PBXGroup;
			children = (
				D77E15E62AF5781E00A78B14 /* Preview Assets.xcassets */,
				D7174FF92B0DC997006604DB /* GameSamples.swift */,
				D76BBCFC2B253EA800F0B2B0 /* GenreSamples.swift */,
				D7174FFB2B0E6CA1006604DB /* PreviewContainer.swift */,
			);
			path = "Preview Content";
			sourceTree = "<group>";
		};
/* End PBXGroup section */

/* Begin PBXNativeTarget section */
		D77E15DB2AF5781B00A78B14 /* SwiftDataDemo */ = {
			isa = PBXNativeTarget;
			buildConfigurationList = D77E15EA2AF5781E00A78B14 /* Build configuration list for PBXNativeTarget "SwiftDataDemo" */;
			buildPhases = (
				D77E15D82AF5781B00A78B14 /* Sources */,
				D77E15D92AF5781B00A78B14 /* Frameworks */,
				D77E15DA2AF5781B00A78B14 /* Resources */,
			);
			buildRules = (
			);
			dependencies = (
			);
			name = SwiftDataDemo;
			productName = SwiftDataDemo;
			productReference = D77E15DC2AF5781B00A78B14 /* SwiftDataDemo.app */;
			productType = "com.apple.product-type.application";
		};
/* End PBXNativeTarget section */

/* Begin PBXProject section */
		D77E15D42AF5781B00A78B14 /* Project object */ = {
			isa = PBXProject;
			attributes = {
				BuildIndependentTargetsInParallel = 1;
				LastSwiftUpdateCheck = 1500;
				LastUpgradeCheck = 1500;
				TargetAttributes = {
					D77E15DB2AF5781B00A78B14 = {
						CreatedOnToolsVersion = 15.0.1;
					};
				};
			};
			buildConfigurationList = D77E15D72AF5781B00A78B14 /* Build configuration list for PBXProject "SwiftDataDemo" */;
			compatibilityVersion = "Xcode 14.0";
			developmentRegion = en;
			hasScannedForEncodings = 0;
			knownRegions = (
				en,
				Base,
			);
			mainGroup = D77E15D32AF5781B00A78B14;
			productRefGroup = D77E15DD2AF5781B00A78B14 /* Products */;
			projectDirPath = "";
			projectRoot = "";
			targets = (
				D77E15DB2AF5781B00A78B14 /* SwiftDataDemo */,
			);
		};
/* End PBXProject section */

/* Begin PBXResourcesBuildPhase section */
		D77E15DA2AF5781B00A78B14 /* Resources */ = {
			isa = PBXResourcesBuildPhase;
			buildActionMask = 2147483647;
			files = (
				D77E15E72AF5781E00A78B14 /* Preview Assets.xcassets in Resources */,
				D77E15E42AF5781E00A78B14 /* Assets.xcassets in Resources */,
			);
			runOnlyForDeploymentPostprocessing = 0;
		};
/* End PBXResourcesBuildPhase section */

/* Begin PBXSourcesBuildPhase section */
		D77E15D82AF5781B00A78B14 /* Sources */ = {
			isa = PBXSourcesBuildPhase;
			buildActionMask = 2147483647;
			files = (
				D77E15E22AF5781B00A78B14 /* GameListView.swift in Sources */,
				D76BBCFB2B237F0100F0B2B0 /* Color+Extension.swift in Sources */,
				D77E15F42B07CC6300A78B14 /* RatingsView.swift in Sources */,
				D76BBD072B294E0100F0B2B0 /* NewGenreView.swift in Sources */,
				D77E15E02AF5781B00A78B14 /* SwiftDataDemoApp.swift in Sources */,
				D76BBCF72B20B5DF00F0B2B0 /* Genre.swift in Sources */,
				D77E15EE2AF5786100A78B14 /* Game.swift in Sources */,
				D7A814F72B29DAF8002E9F09 /* GenresStackView.swift in Sources */,
				D77E15F22B02D51600A78B14 /* EditGameView.swift in Sources */,
				D77E15F02AFA70D700A78B14 /* NewGameView.swift in Sources */,
				D7174FFC2B0E6CA1006604DB /* PreviewContainer.swift in Sources */,
				D77FAB4F2B154BD70060901D /* GameList.swift in Sources */,
				D76BBD052B27EDD300F0B2B0 /* GenresView.swift in Sources */,
				D76BBCFD2B253EA800F0B2B0 /* GenreSamples.swift in Sources */,
				D76BBCF52B1C93CB00F0B2B0 /* QuotesListView.swift in Sources */,
				D76BBCF32B1AFBBB00F0B2B0 /* Quote.swift in Sources */,
				D7174FFA2B0DC997006604DB /* GameSamples.swift in Sources */,
				D76BBCF92B2192FF00F0B2B0 /* UIColor+Extension.swift in Sources */,
			);
			runOnlyForDeploymentPostprocessing = 0;
		};
/* End PBXSourcesBuildPhase section */

/* Begin XCBuildConfiguration section */
		D77E15E82AF5781E00A78B14 /* Debug */ = {
			isa = XCBuildConfiguration;
			buildSettings = {
				ALWAYS_SEARCH_USER_PATHS = NO;
				ASSETCATALOG_COMPILER_GENERATE_SWIFT_ASSET_SYMBOL_EXTENSIONS = YES;
				CLANG_ANALYZER_NONNULL = YES;
				CLANG_ANALYZER_NUMBER_OBJECT_CONVERSION = YES_AGGRESSIVE;
				CLANG_CXX_LANGUAGE_STANDARD = "gnu++20";
				CLANG_ENABLE_MODULES = YES;
				CLANG_ENABLE_OBJC_ARC = YES;
				CLANG_ENABLE_OBJC_WEAK = YES;
				CLANG_WARN_BLOCK_CAPTURE_AUTORELEASING = YES;
				CLANG_WARN_BOOL_CONVERSION = YES;
				CLANG_WARN_COMMA = YES;
				CLANG_WARN_CONSTANT_CONVERSION = YES;
				CLANG_WARN_DEPRECATED_OBJC_IMPLEMENTATIONS = YES;
				CLANG_WARN_DIRECT_OBJC_ISA_USAGE = YES_ERROR;
				CLANG_WARN_DOCUMENTATION_COMMENTS = YES;
				CLANG_WARN_EMPTY_BODY = YES;
				CLANG_WARN_ENUM_CONVERSION = YES;
				CLANG_WARN_INFINITE_RECURSION = YES;
				CLANG_WARN_INT_CONVERSION = YES;
				CLANG_WARN_NON_LITERAL_NULL_CONVERSION = YES;
				CLANG_WARN_OBJC_IMPLICIT_RETAIN_SELF = YES;
				CLANG_WARN_OBJC_LITERAL_CONVERSION = YES;
				CLANG_WARN_OBJC_ROOT_CLASS = YES_ERROR;
				CLANG_WARN_QUOTED_INCLUDE_IN_FRAMEWORK_HEADER = YES;
				CLANG_WARN_RANGE_LOOP_ANALYSIS = YES;
				CLANG_WARN_STRICT_PROTOTYPES = YES;
				CLANG_WARN_SUSPICIOUS_MOVE = YES;
				CLANG_WARN_UNGUARDED_AVAILABILITY = YES_AGGRESSIVE;
				CLANG_WARN_UNREACHABLE_CODE = YES;
				CLANG_WARN__DUPLICATE_METHOD_MATCH = YES;
				COPY_PHASE_STRIP = NO;
				DEBUG_INFORMATION_FORMAT = dwarf;
				ENABLE_STRICT_OBJC_MSGSEND = YES;
				ENABLE_TESTABILITY = YES;
				ENABLE_USER_SCRIPT_SANDBOXING = YES;
				GCC_C_LANGUAGE_STANDARD = gnu17;
				GCC_DYNAMIC_NO_PIC = NO;
				GCC_NO_COMMON_BLOCKS = YES;
				GCC_OPTIMIZATION_LEVEL = 0;
				GCC_PREPROCESSOR_DEFINITIONS = (
					"DEBUG=1",
					"$(inherited)",
				);
				GCC_WARN_64_TO_32_BIT_CONVERSION = YES;
				GCC_WARN_ABOUT_RETURN_TYPE = YES_ERROR;
				GCC_WARN_UNDECLARED_SELECTOR = YES;
				GCC_WARN_UNINITIALIZED_AUTOS = YES_AGGRESSIVE;
				GCC_WARN_UNUSED_FUNCTION = YES;
				GCC_WARN_UNUSED_VARIABLE = YES;
				IPHONEOS_DEPLOYMENT_TARGET = 17.0;
				LOCALIZATION_PREFERS_STRING_CATALOGS = YES;
				MTL_ENABLE_DEBUG_INFO = INCLUDE_SOURCE;
				MTL_FAST_MATH = YES;
				ONLY_ACTIVE_ARCH = YES;
				SDKROOT = iphoneos;
				SWIFT_ACTIVE_COMPILATION_CONDITIONS = "DEBUG $(inherited)";
				SWIFT_OPTIMIZATION_LEVEL = "-Onone";
			};
			name = Debug;
		};
		D77E15E92AF5781E00A78B14 /* Release */ = {
			isa = XCBuildConfiguration;
			buildSettings = {
				ALWAYS_SEARCH_USER_PATHS = NO;
				ASSETCATALOG_COMPILER_GENERATE_SWIFT_ASSET_SYMBOL_EXTENSIONS = YES;
				CLANG_ANALYZER_NONNULL = YES;
				CLANG_ANALYZER_NUMBER_OBJECT_CONVERSION = YES_AGGRESSIVE;
				CLANG_CXX_LANGUAGE_STANDARD = "gnu++20";
				CLANG_ENABLE_MODULES = YES;
				CLANG_ENABLE_OBJC_ARC = YES;
				CLANG_ENABLE_OBJC_WEAK = YES;
				CLANG_WARN_BLOCK_CAPTURE_AUTORELEASING = YES;
				CLANG_WARN_BOOL_CONVERSION = YES;
				CLANG_WARN_COMMA = YES;
				CLANG_WARN_CONSTANT_CONVERSION = YES;
				CLANG_WARN_DEPRECATED_OBJC_IMPLEMENTATIONS = YES;
				CLANG_WARN_DIRECT_OBJC_ISA_USAGE = YES_ERROR;
				CLANG_WARN_DOCUMENTATION_COMMENTS = YES;
				CLANG_WARN_EMPTY_BODY = YES;
				CLANG_WARN_ENUM_CONVERSION = YES;
				CLANG_WARN_INFINITE_RECURSION = YES;
				CLANG_WARN_INT_CONVERSION = YES;
				CLANG_WARN_NON_LITERAL_NULL_CONVERSION = YES;
				CLANG_WARN_OBJC_IMPLICIT_RETAIN_SELF = YES;
				CLANG_WARN_OBJC_LITERAL_CONVERSION = YES;
				CLANG_WARN_OBJC_ROOT_CLASS = YES_ERROR;
				CLANG_WARN_QUOTED_INCLUDE_IN_FRAMEWORK_HEADER = YES;
				CLANG_WARN_RANGE_LOOP_ANALYSIS = YES;
				CLANG_WARN_STRICT_PROTOTYPES = YES;
				CLANG_WARN_SUSPICIOUS_MOVE = YES;
				CLANG_WARN_UNGUARDED_AVAILABILITY = YES_AGGRESSIVE;
				CLANG_WARN_UNREACHABLE_CODE = YES;
				CLANG_WARN__DUPLICATE_METHOD_MATCH = YES;
				COPY_PHASE_STRIP = NO;
				DEBUG_INFORMATION_FORMAT = "dwarf-with-dsym";
				ENABLE_NS_ASSERTIONS = NO;
				ENABLE_STRICT_OBJC_MSGSEND = YES;
				ENABLE_USER_SCRIPT_SANDBOXING = YES;
				GCC_C_LANGUAGE_STANDARD = gnu17;
				GCC_NO_COMMON_BLOCKS = YES;
				GCC_WARN_64_TO_32_BIT_CONVERSION = YES;
				GCC_WARN_ABOUT_RETURN_TYPE = YES_ERROR;
				GCC_WARN_UNDECLARED_SELECTOR = YES;
				GCC_WARN_UNINITIALIZED_AUTOS = YES_AGGRESSIVE;
				GCC_WARN_UNUSED_FUNCTION = YES;
				GCC_WARN_UNUSED_VARIABLE = YES;
				IPHONEOS_DEPLOYMENT_TARGET = 17.0;
				LOCALIZATION_PREFERS_STRING_CATALOGS = YES;
				MTL_ENABLE_DEBUG_INFO = NO;
				MTL_FAST_MATH = YES;
				SDKROOT = iphoneos;
				SWIFT_COMPILATION_MODE = wholemodule;
				VALIDATE_PRODUCT = YES;
			};
			name = Release;
		};
		D77E15EB2AF5781E00A78B14 /* Debug */ = {
			isa = XCBuildConfiguration;
			buildSettings = {
				ASSETCATALOG_COMPILER_APPICON_NAME = AppIcon;
				ASSETCATALOG_COMPILER_GLOBAL_ACCENT_COLOR_NAME = AccentColor;
				CODE_SIGN_STYLE = Automatic;
				CURRENT_PROJECT_VERSION = 1;
				DEVELOPMENT_ASSET_PATHS = "\"SwiftDataDemo/Preview Content\"";
				DEVELOPMENT_TEAM = Z4ATHXWCDV;
				ENABLE_PREVIEWS = YES;
				GENERATE_INFOPLIST_FILE = YES;
				INFOPLIST_KEY_UIApplicationSceneManifest_Generation = YES;
				INFOPLIST_KEY_UIApplicationSupportsIndirectInputEvents = YES;
				INFOPLIST_KEY_UILaunchScreen_Generation = YES;
				INFOPLIST_KEY_UISupportedInterfaceOrientations_iPad = "UIInterfaceOrientationPortrait UIInterfaceOrientationPortraitUpsideDown UIInterfaceOrientationLandscapeLeft UIInterfaceOrientationLandscapeRight";
				INFOPLIST_KEY_UISupportedInterfaceOrientations_iPhone = "UIInterfaceOrientationPortrait UIInterfaceOrientationLandscapeLeft UIInterfaceOrientationLandscapeRight";
				LD_RUNPATH_SEARCH_PATHS = (
					"$(inherited)",
					"@executable_path/Frameworks",
				);
				MARKETING_VERSION = 1.0;
				PRODUCT_BUNDLE_IDENTIFIER = com.leonardmccook.SwiftDataDemo;
				PRODUCT_NAME = "$(TARGET_NAME)";
				SWIFT_EMIT_LOC_STRINGS = YES;
				SWIFT_VERSION = 5.0;
				TARGETED_DEVICE_FAMILY = "1,2";
			};
			name = Debug;
		};
		D77E15EC2AF5781E00A78B14 /* Release */ = {
			isa = XCBuildConfiguration;
			buildSettings = {
				ASSETCATALOG_COMPILER_APPICON_NAME = AppIcon;
				ASSETCATALOG_COMPILER_GLOBAL_ACCENT_COLOR_NAME = AccentColor;
				CODE_SIGN_STYLE = Automatic;
				CURRENT_PROJECT_VERSION = 1;
				DEVELOPMENT_ASSET_PATHS = "\"SwiftDataDemo/Preview Content\"";
				DEVELOPMENT_TEAM = Z4ATHXWCDV;
				ENABLE_PREVIEWS = YES;
				GENERATE_INFOPLIST_FILE = YES;
				INFOPLIST_KEY_UIApplicationSceneManifest_Generation = YES;
				INFOPLIST_KEY_UIApplicationSupportsIndirectInputEvents = YES;
				INFOPLIST_KEY_UILaunchScreen_Generation = YES;
				INFOPLIST_KEY_UISupportedInterfaceOrientations_iPad = "UIInterfaceOrientationPortrait UIInterfaceOrientationPortraitUpsideDown UIInterfaceOrientationLandscapeLeft UIInterfaceOrientationLandscapeRight";
				INFOPLIST_KEY_UISupportedInterfaceOrientations_iPhone = "UIInterfaceOrientationPortrait UIInterfaceOrientationLandscapeLeft UIInterfaceOrientationLandscapeRight";
				LD_RUNPATH_SEARCH_PATHS = (
					"$(inherited)",
					"@executable_path/Frameworks",
				);
				MARKETING_VERSION = 1.0;
				PRODUCT_BUNDLE_IDENTIFIER = com.leonardmccook.SwiftDataDemo;
				PRODUCT_NAME = "$(TARGET_NAME)";
				SWIFT_EMIT_LOC_STRINGS = YES;
				SWIFT_VERSION = 5.0;
				TARGETED_DEVICE_FAMILY = "1,2";
			};
			name = Release;
		};
/* End XCBuildConfiguration section */

/* Begin XCConfigurationList section */
		D77E15D72AF5781B00A78B14 /* Build configuration list for PBXProject "SwiftDataDemo" */ = {
			isa = XCConfigurationList;
			buildConfigurations = (
				D77E15E82AF5781E00A78B14 /* Debug */,
				D77E15E92AF5781E00A78B14 /* Release */,
			);
			defaultConfigurationIsVisible = 0;
			defaultConfigurationName = Release;
		};
		D77E15EA2AF5781E00A78B14 /* Build configuration list for PBXNativeTarget "SwiftDataDemo" */ = {
			isa = XCConfigurationList;
			buildConfigurations = (
				D77E15EB2AF5781E00A78B14 /* Debug */,
				D77E15EC2AF5781E00A78B14 /* Release */,
			);
			defaultConfigurationIsVisible = 0;
			defaultConfigurationName = Release;
		};
/* End XCConfigurationList section */
	};
	rootObject = D77E15D42AF5781B00A78B14 /* Project object */;
}
